
Microsoft Visual Studio Solution File, Format Version 12.00
# Visual Studio 14
VisualStudioVersion = 14.0.23107.0
MinimumVisualStudioVersion = 10.0.40219.1
Project("{FAE04EC0-301F-11D3-BF4B-00C04F79EFBC}") = "USA Music Department", "USA Music Department\USA Music Department.csproj", "{C913C8BB-9ED9-4AF7-99E9-E8A682751819}"
EndProject
Project("{FAE04EC0-301F-11D3-BF4B-00C04F79EFBC}") = "USA Music Department.Tests", "USA Music Department.Tests\USA Music Department.Tests.csproj", "{1DD4C676-2FD6-4626-963F-0AB213AF9C40}"
EndProject
Global
	GlobalSection(SolutionConfigurationPlatforms) = preSolution
		Debug|Any CPU = Debug|Any CPU
		Release|Any CPU = Release|Any CPU
	EndGlobalSection
	GlobalSection(ProjectConfigurationPlatforms) = postSolution
		{C913C8BB-9ED9-4AF7-99E9-E8A682751819}.Debug|Any CPU.ActiveCfg = Debug|Any CPU
		{C913C8BB-9ED9-4AF7-99E9-E8A682751819}.Debug|Any CPU.Build.0 = Debug|Any CPU
		{C913C8BB-9ED9-4AF7-99E9-E8A682751819}.Release|Any CPU.ActiveCfg = Release|Any CPU
		{C913C8BB-9ED9-4AF7-99E9-E8A682751819}.Release|Any CPU.Build.0 = Release|Any CPU
		{1DD4C676-2FD6-4626-963F-0AB213AF9C40}.Debug|Any CPU.ActiveCfg = Debug|Any CPU
		{1DD4C676-2FD6-4626-963F-0AB213AF9C40}.Debug|Any CPU.Build.0 = Debug|Any CPU
		{1DD4C676-2FD6-4626-963F-0AB213AF9C40}.Release|Any CPU.ActiveCfg = Release|Any CPU
		{1DD4C676-2FD6-4626-963F-0AB213AF9C40}.Release|Any CPU.Build.0 = Release|Any CPU
	EndGlobalSection
	GlobalSection(SolutionProperties) = preSolution
		HideSolutionNode = FALSE
	EndGlobalSection
EndGlobal
